
Microsoft Visual Studio Solution File, Format Version 12.00
# Visual Studio Version 16
VisualStudioVersion = 16.0.28922.388
MinimumVisualStudioVersion = 10.0.40219.1
Project("{8BC9CEB8-8B4A-11D0-8D11-00A0C91BC942}") = "155_q1", "5.29\5.29.vcxproj", "{3E3DA660-635D-4D92-B01F-AF614FF7B9A2}"
EndProject
Project("{8BC9CEB8-8B4A-11D0-8D11-00A0C91BC942}") = "155_q2", "q2_155.c\q2_155.c.vcxproj", "{4F93BC4F-7C7E-4358-89E1-074E0E33D42A}"
EndProject
Project("{8BC9CEB8-8B4A-11D0-8D11-00A0C91BC942}") = "155_q3", "q3_155.c\q3_155.c.vcxproj", "{D1CAAC42-4406-4581-B57D-6C1D482742E3}"
EndProject
Project("{8BC9CEB8-8B4A-11D0-8D11-00A0C91BC942}") = "155_q4", "q4_155\q4_155.vcxproj", "{99B6932B-A59F-4C4C-9D5B-E6E4B413F879}"
EndProject
Project("{8BC9CEB8-8B4A-11D0-8D11-00A0C91BC942}") = "155_q5", "q5_155\q5_155.vcxproj", "{F66F1D71-C5F6-4F70-B314-16F31C6B756C}"
EndProject
Project("{8BC9CEB8-8B4A-11D0-8D11-00A0C91BC942}") = "157_q1", "157\157.vcxproj", "{F755C6F1-5784-4392-AF0E-AA9C21C25232}"
EndProject
Project("{8BC9CEB8-8B4A-11D0-8D11-00A0C91BC942}") = "157_q2", "157_q2\157_q2.vcxproj", "{6A515845-DE09-40D8-B0A1-A404F6FEBF90}"
EndProject
Project("{8BC9CEB8-8B4A-11D0-8D11-00A0C91BC942}") = "160_q1", "160_q1\160_q1.vcxproj", "{EAF4087C-27AC-496D-B449-C52771CC79A7}"
EndProject
Project("{8BC9CEB8-8B4A-11D0-8D11-00A0C91BC942}") = "167_q1", "167_q1\167_q1.vcxproj", "{C4B47C82-3848-449F-9B3B-F003594C5BCC}"
EndProject
Project("{8BC9CEB8-8B4A-11D0-8D11-00A0C91BC942}") = "168_q2", "168_q2\168_q2.vcxproj", "{FB431AB0-CE99-4605-92C6-5AC39C1EC9B0}"
EndProject
Project("{8BC9CEB8-8B4A-11D0-8D11-00A0C91BC942}") = "189_q1", "189_q1\189_q1.vcxproj", "{6FEF3202-109A-4F23-9D36-9C3E670CEF01}"
EndProject
Project("{8BC9CEB8-8B4A-11D0-8D11-00A0C91BC942}") = "189_q2", "189_q2\189_q2.vcxproj", "{0B795865-21AF-4283-A84F-661B077A4AE5}"
EndProject
Project("{8BC9CEB8-8B4A-11D0-8D11-00A0C91BC942}") = "189_q3", "189_q3\189_q3.vcxproj", "{3C0D4624-5A7A-40BB-BE1C-22DAE67F5172}"
EndProject
Project("{8BC9CEB8-8B4A-11D0-8D11-00A0C91BC942}") = "189_q4", "189_q4\189_q4.vcxproj", "{5129124C-6573-4CF8-8E31-CAA4EA90A1A8}"
EndProject
Project("{8BC9CEB8-8B4A-11D0-8D11-00A0C91BC942}") = "193_q1", "193_q1\193_q1.vcxproj", "{C0FB3C20-96CE-48B3-8F81-9C0B6E036492}"
EndProject
Project("{8BC9CEB8-8B4A-11D0-8D11-00A0C91BC942}") = "191_continue", "193_continue\193_continue.vcxproj", "{031125C0-70D6-4367-B1D3-099CC3E4C3F1}"
EndProject
Project("{8BC9CEB8-8B4A-11D0-8D11-00A0C91BC942}") = "193_q2 XXXXX", "193_q2\193_q2.vcxproj", "{2E1F512A-C76A-466F-B880-9108D083E1D1}"
EndProject
Project("{8BC9CEB8-8B4A-11D0-8D11-00A0C91BC942}") = "221_q1", "221_q1\221_q1.vcxproj", "{80FFB6D9-714E-4EFC-AD62-F99EAE0BBE19}"
EndProject
Project("{8BC9CEB8-8B4A-11D0-8D11-00A0C91BC942}") = "221_q2", "221_q2\221_q2.vcxproj", "{2C0ED846-A879-4714-863F-1856374AE2B1}"
EndProject
Project("{8BC9CEB8-8B4A-11D0-8D11-00A0C91BC942}") = "221_q3", "221_q3\221_q3.vcxproj", "{F1026B77-7696-4298-972B-A40CF3CF0C46}"
EndProject
Project("{8BC9CEB8-8B4A-11D0-8D11-00A0C91BC942}") = "237_q1", "237_q1\237_q1.vcxproj", "{B1E3A732-9CAC-4F3D-980E-5864984BF6A1}"
EndProject
Project("{8BC9CEB8-8B4A-11D0-8D11-00A0C91BC942}") = "248_q1", "248_q1\248_q1.vcxproj", "{C8606F37-5C3D-42C4-9B78-9039D6FCA57C}"
EndProject
Project("{8BC9CEB8-8B4A-11D0-8D11-00A0C91BC942}") = "248_q2", "248_q2\248_q2.vcxproj", "{D181C40C-6726-4E0F-A77C-7BF966E472EF}"
EndProject
Project("{8BC9CEB8-8B4A-11D0-8D11-00A0C91BC942}") = "248_q3", "248_q3\248_q3.vcxproj", "{4B745759-6F3F-4C80-96BD-95B6E9651D6D}"
EndProject
Project("{8BC9CEB8-8B4A-11D0-8D11-00A0C91BC942}") = "249_q4 xxxx", "249_q4\249_q4.vcxproj", "{89AD3B92-AFD9-4FFF-91A2-7269C74B48A5}"
EndProject
Project("{8BC9CEB8-8B4A-11D0-8D11-00A0C91BC942}") = "249_q5 xxxx", "249_q5\249_q5.vcxproj", "{4C9E8DA0-B3FF-4E3B-9A0C-629E38D96A08}"
EndProject
Project("{8BC9CEB8-8B4A-11D0-8D11-00A0C91BC942}") = "249_q6", "249_q6\249_q6.vcxproj", "{8730F035-E9CE-47B9-99DC-380D504E6F4B}"
EndProject
Project("{8BC9CEB8-8B4A-11D0-8D11-00A0C91BC942}") = "250_q7", "250_q7\250_q7.vcxproj", "{5B8FAABD-A41E-4429-86E2-4DFEC543DBDC}"
EndProject
Project("{8BC9CEB8-8B4A-11D0-8D11-00A0C91BC942}") = "260_q1", "260_q1\260_q1.vcxproj", "{909BDE3D-2166-4544-A07D-CA6282951B89}"
EndProject
Project("{8BC9CEB8-8B4A-11D0-8D11-00A0C91BC942}") = "260_q2", "260_q2\260_q2.vcxproj", "{E9893AB9-DD24-46AC-8A4B-DF433743F04E}"
EndProject
Project("{8BC9CEB8-8B4A-11D0-8D11-00A0C91BC942}") = "268_q1", "268\268.vcxproj", "{9C08F20A-E242-4872-BC15-1DC3FA23B3D0}"
EndProject
Project("{8BC9CEB8-8B4A-11D0-8D11-00A0C91BC942}") = "268_q2", "268_q2\268_q2.vcxproj", "{3C268EE5-73DC-4094-A32C-C1E70D7ADC2D}"
EndProject
Project("{8BC9CEB8-8B4A-11D0-8D11-00A0C91BC942}") = "Project1", "Project1\Project1.vcxproj", "{8DC95C8D-0CEB-4134-A9EF-2DA887B35D07}"
EndProject
Global
	GlobalSection(SolutionConfigurationPlatforms) = preSolution
		Debug|x64 = Debug|x64
		Debug|x86 = Debug|x86
		Release|x64 = Release|x64
		Release|x86 = Release|x86
	EndGlobalSection
	GlobalSection(ProjectConfigurationPlatforms) = postSolution
		{3E3DA660-635D-4D92-B01F-AF614FF7B9A2}.Debug|x64.ActiveCfg = Debug|x64
		{3E3DA660-635D-4D92-B01F-AF614FF7B9A2}.Debug|x64.Build.0 = Debug|x64
		{3E3DA660-635D-4D92-B01F-AF614FF7B9A2}.Debug|x86.ActiveCfg = Debug|Win32
		{3E3DA660-635D-4D92-B01F-AF614FF7B9A2}.Debug|x86.Build.0 = Debug|Win32
		{3E3DA660-635D-4D92-B01F-AF614FF7B9A2}.Release|x64.ActiveCfg = Release|x64
		{3E3DA660-635D-4D92-B01F-AF614FF7B9A2}.Release|x64.Build.0 = Release|x64
		{3E3DA660-635D-4D92-B01F-AF614FF7B9A2}.Release|x86.ActiveCfg = Release|Win32
		{3E3DA660-635D-4D92-B01F-AF614FF7B9A2}.Release|x86.Build.0 = Release|Win32
		{4F93BC4F-7C7E-4358-89E1-074E0E33D42A}.Debug|x64.ActiveCfg = Debug|x64
		{4F93BC4F-7C7E-4358-89E1-074E0E33D42A}.Debug|x64.Build.0 = Debug|x64
		{4F93BC4F-7C7E-4358-89E1-074E0E33D42A}.Debug|x86.ActiveCfg = Debug|Win32
		{4F93BC4F-7C7E-4358-89E1-074E0E33D42A}.Debug|x86.Build.0 = Debug|Win32
		{4F93BC4F-7C7E-4358-89E1-074E0E33D42A}.Release|x64.ActiveCfg = Release|x64
		{4F93BC4F-7C7E-4358-89E1-074E0E33D42A}.Release|x64.Build.0 = Release|x64
		{4F93BC4F-7C7E-4358-89E1-074E0E33D42A}.Release|x86.ActiveCfg = Release|Win32
		{4F93BC4F-7C7E-4358-89E1-074E0E33D42A}.Release|x86.Build.0 = Release|Win32
		{D1CAAC42-4406-4581-B57D-6C1D482742E3}.Debug|x64.ActiveCfg = Debug|x64
		{D1CAAC42-4406-4581-B57D-6C1D482742E3}.Debug|x64.Build.0 = Debug|x64
		{D1CAAC42-4406-4581-B57D-6C1D482742E3}.Debug|x86.ActiveCfg = Debug|Win32
		{D1CAAC42-4406-4581-B57D-6C1D482742E3}.Debug|x86.Build.0 = Debug|Win32
		{D1CAAC42-4406-4581-B57D-6C1D482742E3}.Release|x64.ActiveCfg = Release|x64
		{D1CAAC42-4406-4581-B57D-6C1D482742E3}.Release|x64.Build.0 = Release|x64
		{D1CAAC42-4406-4581-B57D-6C1D482742E3}.Release|x86.ActiveCfg = Release|Win32
		{D1CAAC42-4406-4581-B57D-6C1D482742E3}.Release|x86.Build.0 = Release|Win32
		{99B6932B-A59F-4C4C-9D5B-E6E4B413F879}.Debug|x64.ActiveCfg = Debug|x64
		{99B6932B-A59F-4C4C-9D5B-E6E4B413F879}.Debug|x64.Build.0 = Debug|x64
		{99B6932B-A59F-4C4C-9D5B-E6E4B413F879}.Debug|x86.ActiveCfg = Debug|Win32
		{99B6932B-A59F-4C4C-9D5B-E6E4B413F879}.Debug|x86.Build.0 = Debug|Win32
		{99B6932B-A59F-4C4C-9D5B-E6E4B413F879}.Release|x64.ActiveCfg = Release|x64
		{99B6932B-A59F-4C4C-9D5B-E6E4B413F879}.Release|x64.Build.0 = Release|x64
		{99B6932B-A59F-4C4C-9D5B-E6E4B413F879}.Release|x86.ActiveCfg = Release|Win32
		{99B6932B-A59F-4C4C-9D5B-E6E4B413F879}.Release|x86.Build.0 = Release|Win32
		{F66F1D71-C5F6-4F70-B314-16F31C6B756C}.Debug|x64.ActiveCfg = Debug|x64
		{F66F1D71-C5F6-4F70-B314-16F31C6B756C}.Debug|x64.Build.0 = Debug|x64
		{F66F1D71-C5F6-4F70-B314-16F31C6B756C}.Debug|x86.ActiveCfg = Debug|Win32
		{F66F1D71-C5F6-4F70-B314-16F31C6B756C}.Debug|x86.Build.0 = Debug|Win32
		{F66F1D71-C5F6-4F70-B314-16F31C6B756C}.Release|x64.ActiveCfg = Release|x64
		{F66F1D71-C5F6-4F70-B314-16F31C6B756C}.Release|x64.Build.0 = Release|x64
		{F66F1D71-C5F6-4F70-B314-16F31C6B756C}.Release|x86.ActiveCfg = Release|Win32
		{F66F1D71-C5F6-4F70-B314-16F31C6B756C}.Release|x86.Build.0 = Release|Win32
		{F755C6F1-5784-4392-AF0E-AA9C21C25232}.Debug|x64.ActiveCfg = Debug|x64
		{F755C6F1-5784-4392-AF0E-AA9C21C25232}.Debug|x64.Build.0 = Debug|x64
		{F755C6F1-5784-4392-AF0E-AA9C21C25232}.Debug|x86.ActiveCfg = Debug|Win32
		{F755C6F1-5784-4392-AF0E-AA9C21C25232}.Debug|x86.Build.0 = Debug|Win32
		{F755C6F1-5784-4392-AF0E-AA9C21C25232}.Release|x64.ActiveCfg = Release|x64
		{F755C6F1-5784-4392-AF0E-AA9C21C25232}.Release|x64.Build.0 = Release|x64
		{F755C6F1-5784-4392-AF0E-AA9C21C25232}.Release|x86.ActiveCfg = Release|Win32
		{F755C6F1-5784-4392-AF0E-AA9C21C25232}.Release|x86.Build.0 = Release|Win32
		{6A515845-DE09-40D8-B0A1-A404F6FEBF90}.Debug|x64.ActiveCfg = Debug|x64
		{6A515845-DE09-40D8-B0A1-A404F6FEBF90}.Debug|x64.Build.0 = Debug|x64
		{6A515845-DE09-40D8-B0A1-A404F6FEBF90}.Debug|x86.ActiveCfg = Debug|Win32
		{6A515845-DE09-40D8-B0A1-A404F6FEBF90}.Debug|x86.Build.0 = Debug|Win32
		{6A515845-DE09-40D8-B0A1-A404F6FEBF90}.Release|x64.ActiveCfg = Release|x64
		{6A515845-DE09-40D8-B0A1-A404F6FEBF90}.Release|x64.Build.0 = Release|x64
		{6A515845-DE09-40D8-B0A1-A404F6FEBF90}.Release|x86.ActiveCfg = Release|Win32
		{6A515845-DE09-40D8-B0A1-A404F6FEBF90}.Release|x86.Build.0 = Release|Win32
		{EAF4087C-27AC-496D-B449-C52771CC79A7}.Debug|x64.ActiveCfg = Debug|x64
		{EAF4087C-27AC-496D-B449-C52771CC79A7}.Debug|x64.Build.0 = Debug|x64
		{EAF4087C-27AC-496D-B449-C52771CC79A7}.Debug|x86.ActiveCfg = Debug|Win32
		{EAF4087C-27AC-496D-B449-C52771CC79A7}.Debug|x86.Build.0 = Debug|Win32
		{EAF4087C-27AC-496D-B449-C52771CC79A7}.Release|x64.ActiveCfg = Release|x64
		{EAF4087C-27AC-496D-B449-C52771CC79A7}.Release|x64.Build.0 = Release|x64
		{EAF4087C-27AC-496D-B449-C52771CC79A7}.Release|x86.ActiveCfg = Release|Win32
		{EAF4087C-27AC-496D-B449-C52771CC79A7}.Release|x86.Build.0 = Release|Win32
		{C4B47C82-3848-449F-9B3B-F003594C5BCC}.Debug|x64.ActiveCfg = Debug|x64
		{C4B47C82-3848-449F-9B3B-F003594C5BCC}.Debug|x64.Build.0 = Debug|x64
		{C4B47C82-3848-449F-9B3B-F003594C5BCC}.Debug|x86.ActiveCfg = Debug|Win32
		{C4B47C82-3848-449F-9B3B-F003594C5BCC}.Debug|x86.Build.0 = Debug|Win32
		{C4B47C82-3848-449F-9B3B-F003594C5BCC}.Release|x64.ActiveCfg = Release|x64
		{C4B47C82-3848-449F-9B3B-F003594C5BCC}.Release|x64.Build.0 = Release|x64
		{C4B47C82-3848-449F-9B3B-F003594C5BCC}.Release|x86.ActiveCfg = Release|Win32
		{C4B47C82-3848-449F-9B3B-F003594C5BCC}.Release|x86.Build.0 = Release|Win32
		{FB431AB0-CE99-4605-92C6-5AC39C1EC9B0}.Debug|x64.ActiveCfg = Debug|x64
		{FB431AB0-CE99-4605-92C6-5AC39C1EC9B0}.Debug|x64.Build.0 = Debug|x64
		{FB431AB0-CE99-4605-92C6-5AC39C1EC9B0}.Debug|x86.ActiveCfg = Debug|Win32
		{FB431AB0-CE99-4605-92C6-5AC39C1EC9B0}.Debug|x86.Build.0 = Debug|Win32
		{FB431AB0-CE99-4605-92C6-5AC39C1EC9B0}.Release|x64.ActiveCfg = Release|x64
		{FB431AB0-CE99-4605-92C6-5AC39C1EC9B0}.Release|x64.Build.0 = Release|x64
		{FB431AB0-CE99-4605-92C6-5AC39C1EC9B0}.Release|x86.ActiveCfg = Release|Win32
		{FB431AB0-CE99-4605-92C6-5AC39C1EC9B0}.Release|x86.Build.0 = Release|Win32
		{6FEF3202-109A-4F23-9D36-9C3E670CEF01}.Debug|x64.ActiveCfg = Debug|x64
		{6FEF3202-109A-4F23-9D36-9C3E670CEF01}.Debug|x64.Build.0 = Debug|x64
		{6FEF3202-109A-4F23-9D36-9C3E670CEF01}.Debug|x86.ActiveCfg = Debug|Win32
		{6FEF3202-109A-4F23-9D36-9C3E670CEF01}.Debug|x86.Build.0 = Debug|Win32
		{6FEF3202-109A-4F23-9D36-9C3E670CEF01}.Release|x64.ActiveCfg = Release|x64
		{6FEF3202-109A-4F23-9D36-9C3E670CEF01}.Release|x64.Build.0 = Release|x64
		{6FEF3202-109A-4F23-9D36-9C3E670CEF01}.Release|x86.ActiveCfg = Release|Win32
		{6FEF3202-109A-4F23-9D36-9C3E670CEF01}.Release|x86.Build.0 = Release|Win32
		{0B795865-21AF-4283-A84F-661B077A4AE5}.Debug|x64.ActiveCfg = Debug|x64
		{0B795865-21AF-4283-A84F-661B077A4AE5}.Debug|x64.Build.0 = Debug|x64
		{0B795865-21AF-4283-A84F-661B077A4AE5}.Debug|x86.ActiveCfg = Debug|Win32
		{0B795865-21AF-4283-A84F-661B077A4AE5}.Debug|x86.Build.0 = Debug|Win32
		{0B795865-21AF-4283-A84F-661B077A4AE5}.Release|x64.ActiveCfg = Release|x64
		{0B795865-21AF-4283-A84F-661B077A4AE5}.Release|x64.Build.0 = Release|x64
		{0B795865-21AF-4283-A84F-661B077A4AE5}.Release|x86.ActiveCfg = Release|Win32
		{0B795865-21AF-4283-A84F-661B077A4AE5}.Release|x86.Build.0 = Release|Win32
		{3C0D4624-5A7A-40BB-BE1C-22DAE67F5172}.Debug|x64.ActiveCfg = Debug|x64
		{3C0D4624-5A7A-40BB-BE1C-22DAE67F5172}.Debug|x64.Build.0 = Debug|x64
		{3C0D4624-5A7A-40BB-BE1C-22DAE67F5172}.Debug|x86.ActiveCfg = Debug|Win32
		{3C0D4624-5A7A-40BB-BE1C-22DAE67F5172}.Debug|x86.Build.0 = Debug|Win32
		{3C0D4624-5A7A-40BB-BE1C-22DAE67F5172}.Release|x64.ActiveCfg = Release|x64
		{3C0D4624-5A7A-40BB-BE1C-22DAE67F5172}.Release|x64.Build.0 = Release|x64
		{3C0D4624-5A7A-40BB-BE1C-22DAE67F5172}.Release|x86.ActiveCfg = Release|Win32
		{3C0D4624-5A7A-40BB-BE1C-22DAE67F5172}.Release|x86.Build.0 = Release|Win32
		{5129124C-6573-4CF8-8E31-CAA4EA90A1A8}.Debug|x64.ActiveCfg = Debug|x64
		{5129124C-6573-4CF8-8E31-CAA4EA90A1A8}.Debug|x64.Build.0 = Debug|x64
		{5129124C-6573-4CF8-8E31-CAA4EA90A1A8}.Debug|x86.ActiveCfg = Debug|Win32
		{5129124C-6573-4CF8-8E31-CAA4EA90A1A8}.Debug|x86.Build.0 = Debug|Win32
		{5129124C-6573-4CF8-8E31-CAA4EA90A1A8}.Release|x64.ActiveCfg = Release|x64
		{5129124C-6573-4CF8-8E31-CAA4EA90A1A8}.Release|x64.Build.0 = Release|x64
		{5129124C-6573-4CF8-8E31-CAA4EA90A1A8}.Release|x86.ActiveCfg = Release|Win32
		{5129124C-6573-4CF8-8E31-CAA4EA90A1A8}.Release|x86.Build.0 = Release|Win32
		{C0FB3C20-96CE-48B3-8F81-9C0B6E036492}.Debug|x64.ActiveCfg = Debug|x64
		{C0FB3C20-96CE-48B3-8F81-9C0B6E036492}.Debug|x64.Build.0 = Debug|x64
		{C0FB3C20-96CE-48B3-8F81-9C0B6E036492}.Debug|x86.ActiveCfg = Debug|Win32
		{C0FB3C20-96CE-48B3-8F81-9C0B6E036492}.Debug|x86.Build.0 = Debug|Win32
		{C0FB3C20-96CE-48B3-8F81-9C0B6E036492}.Release|x64.ActiveCfg = Release|x64
		{C0FB3C20-96CE-48B3-8F81-9C0B6E036492}.Release|x64.Build.0 = Release|x64
		{C0FB3C20-96CE-48B3-8F81-9C0B6E036492}.Release|x86.ActiveCfg = Release|Win32
		{C0FB3C20-96CE-48B3-8F81-9C0B6E036492}.Release|x86.Build.0 = Release|Win32
		{031125C0-70D6-4367-B1D3-099CC3E4C3F1}.Debug|x64.ActiveCfg = Debug|x64
		{031125C0-70D6-4367-B1D3-099CC3E4C3F1}.Debug|x64.Build.0 = Debug|x64
		{031125C0-70D6-4367-B1D3-099CC3E4C3F1}.Debug|x86.ActiveCfg = Debug|Win32
		{031125C0-70D6-4367-B1D3-099CC3E4C3F1}.Debug|x86.Build.0 = Debug|Win32
		{031125C0-70D6-4367-B1D3-099CC3E4C3F1}.Release|x64.ActiveCfg = Release|x64
		{031125C0-70D6-4367-B1D3-099CC3E4C3F1}.Release|x64.Build.0 = Release|x64
		{031125C0-70D6-4367-B1D3-099CC3E4C3F1}.Release|x86.ActiveCfg = Release|Win32
		{031125C0-70D6-4367-B1D3-099CC3E4C3F1}.Release|x86.Build.0 = Release|Win32
		{2E1F512A-C76A-466F-B880-9108D083E1D1}.Debug|x64.ActiveCfg = Debug|x64
		{2E1F512A-C76A-466F-B880-9108D083E1D1}.Debug|x64.Build.0 = Debug|x64
		{2E1F512A-C76A-466F-B880-9108D083E1D1}.Debug|x86.ActiveCfg = Debug|Win32
		{2E1F512A-C76A-466F-B880-9108D083E1D1}.Debug|x86.Build.0 = Debug|Win32
		{2E1F512A-C76A-466F-B880-9108D083E1D1}.Release|x64.ActiveCfg = Release|x64
		{2E1F512A-C76A-466F-B880-9108D083E1D1}.Release|x64.Build.0 = Release|x64
		{2E1F512A-C76A-466F-B880-9108D083E1D1}.Release|x86.ActiveCfg = Release|Win32
		{2E1F512A-C76A-466F-B880-9108D083E1D1}.Release|x86.Build.0 = Release|Win32
		{80FFB6D9-714E-4EFC-AD62-F99EAE0BBE19}.Debug|x64.ActiveCfg = Debug|x64
		{80FFB6D9-714E-4EFC-AD62-F99EAE0BBE19}.Debug|x64.Build.0 = Debug|x64
		{80FFB6D9-714E-4EFC-AD62-F99EAE0BBE19}.Debug|x86.ActiveCfg = Debug|Win32
		{80FFB6D9-714E-4EFC-AD62-F99EAE0BBE19}.Debug|x86.Build.0 = Debug|Win32
		{80FFB6D9-714E-4EFC-AD62-F99EAE0BBE19}.Release|x64.ActiveCfg = Release|x64
		{80FFB6D9-714E-4EFC-AD62-F99EAE0BBE19}.Release|x64.Build.0 = Release|x64
		{80FFB6D9-714E-4EFC-AD62-F99EAE0BBE19}.Release|x86.ActiveCfg = Release|Win32
		{80FFB6D9-714E-4EFC-AD62-F99EAE0BBE19}.Release|x86.Build.0 = Release|Win32
		{2C0ED846-A879-4714-863F-1856374AE2B1}.Debug|x64.ActiveCfg = Debug|x64
		{2C0ED846-A879-4714-863F-1856374AE2B1}.Debug|x64.Build.0 = Debug|x64
		{2C0ED846-A879-4714-863F-1856374AE2B1}.Debug|x86.ActiveCfg = Debug|Win32
		{2C0ED846-A879-4714-863F-1856374AE2B1}.Debug|x86.Build.0 = Debug|Win32
		{2C0ED846-A879-4714-863F-1856374AE2B1}.Release|x64.ActiveCfg = Release|x64
		{2C0ED846-A879-4714-863F-1856374AE2B1}.Release|x64.Build.0 = Release|x64
		{2C0ED846-A879-4714-863F-1856374AE2B1}.Release|x86.ActiveCfg = Release|Win32
		{2C0ED846-A879-4714-863F-1856374AE2B1}.Release|x86.Build.0 = Release|Win32
		{F1026B77-7696-4298-972B-A40CF3CF0C46}.Debug|x64.ActiveCfg = Debug|x64
		{F1026B77-7696-4298-972B-A40CF3CF0C46}.Debug|x64.Build.0 = Debug|x64
		{F1026B77-7696-4298-972B-A40CF3CF0C46}.Debug|x86.ActiveCfg = Debug|Win32
		{F1026B77-7696-4298-972B-A40CF3CF0C46}.Debug|x86.Build.0 = Debug|Win32
		{F1026B77-7696-4298-972B-A40CF3CF0C46}.Release|x64.ActiveCfg = Release|x64
		{F1026B77-7696-4298-972B-A40CF3CF0C46}.Release|x64.Build.0 = Release|x64
		{F1026B77-7696-4298-972B-A40CF3CF0C46}.Release|x86.ActiveCfg = Release|Win32
		{F1026B77-7696-4298-972B-A40CF3CF0C46}.Release|x86.Build.0 = Release|Win32
		{B1E3A732-9CAC-4F3D-980E-5864984BF6A1}.Debug|x64.ActiveCfg = Debug|x64
		{B1E3A732-9CAC-4F3D-980E-5864984BF6A1}.Debug|x64.Build.0 = Debug|x64
		{B1E3A732-9CAC-4F3D-980E-5864984BF6A1}.Debug|x86.ActiveCfg = Debug|Win32
		{B1E3A732-9CAC-4F3D-980E-5864984BF6A1}.Debug|x86.Build.0 = Debug|Win32
		{B1E3A732-9CAC-4F3D-980E-5864984BF6A1}.Release|x64.ActiveCfg = Release|x64
		{B1E3A732-9CAC-4F3D-980E-5864984BF6A1}.Release|x64.Build.0 = Release|x64
		{B1E3A732-9CAC-4F3D-980E-5864984BF6A1}.Release|x86.ActiveCfg = Release|Win32
		{B1E3A732-9CAC-4F3D-980E-5864984BF6A1}.Release|x86.Build.0 = Release|Win32
		{C8606F37-5C3D-42C4-9B78-9039D6FCA57C}.Debug|x64.ActiveCfg = Debug|x64
		{C8606F37-5C3D-42C4-9B78-9039D6FCA57C}.Debug|x64.Build.0 = Debug|x64
		{C8606F37-5C3D-42C4-9B78-9039D6FCA57C}.Debug|x86.ActiveCfg = Debug|Win32
		{C8606F37-5C3D-42C4-9B78-9039D6FCA57C}.Debug|x86.Build.0 = Debug|Win32
		{C8606F37-5C3D-42C4-9B78-9039D6FCA57C}.Release|x64.ActiveCfg = Release|x64
		{C8606F37-5C3D-42C4-9B78-9039D6FCA57C}.Release|x64.Build.0 = Release|x64
		{C8606F37-5C3D-42C4-9B78-9039D6FCA57C}.Release|x86.ActiveCfg = Release|Win32
		{C8606F37-5C3D-42C4-9B78-9039D6FCA57C}.Release|x86.Build.0 = Release|Win32
		{D181C40C-6726-4E0F-A77C-7BF966E472EF}.Debug|x64.ActiveCfg = Debug|x64
		{D181C40C-6726-4E0F-A77C-7BF966E472EF}.Debug|x64.Build.0 = Debug|x64
		{D181C40C-6726-4E0F-A77C-7BF966E472EF}.Debug|x86.ActiveCfg = Debug|Win32
		{D181C40C-6726-4E0F-A77C-7BF966E472EF}.Debug|x86.Build.0 = Debug|Win32
		{D181C40C-6726-4E0F-A77C-7BF966E472EF}.Release|x64.ActiveCfg = Release|x64
		{D181C40C-6726-4E0F-A77C-7BF966E472EF}.Release|x64.Build.0 = Release|x64
		{D181C40C-6726-4E0F-A77C-7BF966E472EF}.Release|x86.ActiveCfg = Release|Win32
		{D181C40C-6726-4E0F-A77C-7BF966E472EF}.Release|x86.Build.0 = Release|Win32
		{4B745759-6F3F-4C80-96BD-95B6E9651D6D}.Debug|x64.ActiveCfg = Debug|x64
		{4B745759-6F3F-4C80-96BD-95B6E9651D6D}.Debug|x64.Build.0 = Debug|x64
		{4B745759-6F3F-4C80-96BD-95B6E9651D6D}.Debug|x86.ActiveCfg = Debug|Win32
		{4B745759-6F3F-4C80-96BD-95B6E9651D6D}.Debug|x86.Build.0 = Debug|Win32
		{4B745759-6F3F-4C80-96BD-95B6E9651D6D}.Release|x64.ActiveCfg = Release|x64
		{4B745759-6F3F-4C80-96BD-95B6E9651D6D}.Release|x64.Build.0 = Release|x64
		{4B745759-6F3F-4C80-96BD-95B6E9651D6D}.Release|x86.ActiveCfg = Release|Win32
		{4B745759-6F3F-4C80-96BD-95B6E9651D6D}.Release|x86.Build.0 = Release|Win32
		{89AD3B92-AFD9-4FFF-91A2-7269C74B48A5}.Debug|x64.ActiveCfg = Debug|x64
		{89AD3B92-AFD9-4FFF-91A2-7269C74B48A5}.Debug|x64.Build.0 = Debug|x64
		{89AD3B92-AFD9-4FFF-91A2-7269C74B48A5}.Debug|x86.ActiveCfg = Debug|Win32
		{89AD3B92-AFD9-4FFF-91A2-7269C74B48A5}.Debug|x86.Build.0 = Debug|Win32
		{89AD3B92-AFD9-4FFF-91A2-7269C74B48A5}.Release|x64.ActiveCfg = Release|x64
		{89AD3B92-AFD9-4FFF-91A2-7269C74B48A5}.Release|x64.Build.0 = Release|x64
		{89AD3B92-AFD9-4FFF-91A2-7269C74B48A5}.Release|x86.ActiveCfg = Release|Win32
		{89AD3B92-AFD9-4FFF-91A2-7269C74B48A5}.Release|x86.Build.0 = Release|Win32
		{4C9E8DA0-B3FF-4E3B-9A0C-629E38D96A08}.Debug|x64.ActiveCfg = Debug|x64
		{4C9E8DA0-B3FF-4E3B-9A0C-629E38D96A08}.Debug|x64.Build.0 = Debug|x64
		{4C9E8DA0-B3FF-4E3B-9A0C-629E38D96A08}.Debug|x86.ActiveCfg = Debug|Win32
		{4C9E8DA0-B3FF-4E3B-9A0C-629E38D96A08}.Debug|x86.Build.0 = Debug|Win32
		{4C9E8DA0-B3FF-4E3B-9A0C-629E38D96A08}.Release|x64.ActiveCfg = Release|x64
		{4C9E8DA0-B3FF-4E3B-9A0C-629E38D96A08}.Release|x64.Build.0 = Release|x64
		{4C9E8DA0-B3FF-4E3B-9A0C-629E38D96A08}.Release|x86.ActiveCfg = Release|Win32
		{4C9E8DA0-B3FF-4E3B-9A0C-629E38D96A08}.Release|x86.Build.0 = Release|Win32
		{8730F035-E9CE-47B9-99DC-380D504E6F4B}.Debug|x64.ActiveCfg = Debug|x64
		{8730F035-E9CE-47B9-99DC-380D504E6F4B}.Debug|x64.Build.0 = Debug|x64
		{8730F035-E9CE-47B9-99DC-380D504E6F4B}.Debug|x86.ActiveCfg = Debug|Win32
		{8730F035-E9CE-47B9-99DC-380D504E6F4B}.Debug|x86.Build.0 = Debug|Win32
		{8730F035-E9CE-47B9-99DC-380D504E6F4B}.Release|x64.ActiveCfg = Release|x64
		{8730F035-E9CE-47B9-99DC-380D504E6F4B}.Release|x64.Build.0 = Release|x64
		{8730F035-E9CE-47B9-99DC-380D504E6F4B}.Release|x86.ActiveCfg = Release|Win32
		{8730F035-E9CE-47B9-99DC-380D504E6F4B}.Release|x86.Build.0 = Release|Win32
		{5B8FAABD-A41E-4429-86E2-4DFEC543DBDC}.Debug|x64.ActiveCfg = Debug|x64
		{5B8FAABD-A41E-4429-86E2-4DFEC543DBDC}.Debug|x64.Build.0 = Debug|x64
		{5B8FAABD-A41E-4429-86E2-4DFEC543DBDC}.Debug|x86.ActiveCfg = Debug|Win32
		{5B8FAABD-A41E-4429-86E2-4DFEC543DBDC}.Debug|x86.Build.0 = Debug|Win32
		{5B8FAABD-A41E-4429-86E2-4DFEC543DBDC}.Release|x64.ActiveCfg = Release|x64
		{5B8FAABD-A41E-4429-86E2-4DFEC543DBDC}.Release|x64.Build.0 = Release|x64
		{5B8FAABD-A41E-4429-86E2-4DFEC543DBDC}.Release|x86.ActiveCfg = Release|Win32
		{5B8FAABD-A41E-4429-86E2-4DFEC543DBDC}.Release|x86.Build.0 = Release|Win32
		{909BDE3D-2166-4544-A07D-CA6282951B89}.Debug|x64.ActiveCfg = Debug|x64
		{909BDE3D-2166-4544-A07D-CA6282951B89}.Debug|x64.Build.0 = Debug|x64
		{909BDE3D-2166-4544-A07D-CA6282951B89}.Debug|x86.ActiveCfg = Debug|Win32
		{909BDE3D-2166-4544-A07D-CA6282951B89}.Debug|x86.Build.0 = Debug|Win32
		{909BDE3D-2166-4544-A07D-CA6282951B89}.Release|x64.ActiveCfg = Release|x64
		{909BDE3D-2166-4544-A07D-CA6282951B89}.Release|x64.Build.0 = Release|x64
		{909BDE3D-2166-4544-A07D-CA6282951B89}.Release|x86.ActiveCfg = Release|Win32
		{909BDE3D-2166-4544-A07D-CA6282951B89}.Release|x86.Build.0 = Release|Win32
		{E9893AB9-DD24-46AC-8A4B-DF433743F04E}.Debug|x64.ActiveCfg = Debug|x64
		{E9893AB9-DD24-46AC-8A4B-DF433743F04E}.Debug|x64.Build.0 = Debug|x64
		{E9893AB9-DD24-46AC-8A4B-DF433743F04E}.Debug|x86.ActiveCfg = Debug|Win32
		{E9893AB9-DD24-46AC-8A4B-DF433743F04E}.Debug|x86.Build.0 = Debug|Win32
		{E9893AB9-DD24-46AC-8A4B-DF433743F04E}.Release|x64.ActiveCfg = Release|x64
		{E9893AB9-DD24-46AC-8A4B-DF433743F04E}.Release|x64.Build.0 = Release|x64
		{E9893AB9-DD24-46AC-8A4B-DF433743F04E}.Release|x86.ActiveCfg = Release|Win32
		{E9893AB9-DD24-46AC-8A4B-DF433743F04E}.Release|x86.Build.0 = Release|Win32
		{9C08F20A-E242-4872-BC15-1DC3FA23B3D0}.Debug|x64.ActiveCfg = Debug|x64
		{9C08F20A-E242-4872-BC15-1DC3FA23B3D0}.Debug|x64.Build.0 = Debug|x64
		{9C08F20A-E242-4872-BC15-1DC3FA23B3D0}.Debug|x86.ActiveCfg = Debug|Win32
		{9C08F20A-E242-4872-BC15-1DC3FA23B3D0}.Debug|x86.Build.0 = Debug|Win32
		{9C08F20A-E242-4872-BC15-1DC3FA23B3D0}.Release|x64.ActiveCfg = Release|x64
		{9C08F20A-E242-4872-BC15-1DC3FA23B3D0}.Release|x64.Build.0 = Release|x64
		{9C08F20A-E242-4872-BC15-1DC3FA23B3D0}.Release|x86.ActiveCfg = Release|Win32
		{9C08F20A-E242-4872-BC15-1DC3FA23B3D0}.Release|x86.Build.0 = Release|Win32
		{3C268EE5-73DC-4094-A32C-C1E70D7ADC2D}.Debug|x64.ActiveCfg = Debug|x64
		{3C268EE5-73DC-4094-A32C-C1E70D7ADC2D}.Debug|x64.Build.0 = Debug|x64
		{3C268EE5-73DC-4094-A32C-C1E70D7ADC2D}.Debug|x86.ActiveCfg = Debug|Win32
		{3C268EE5-73DC-4094-A32C-C1E70D7ADC2D}.Debug|x86.Build.0 = Debug|Win32
		{3C268EE5-73DC-4094-A32C-C1E70D7ADC2D}.Release|x64.ActiveCfg = Release|x64
		{3C268EE5-73DC-4094-A32C-C1E70D7ADC2D}.Release|x64.Build.0 = Release|x64
		{3C268EE5-73DC-4094-A32C-C1E70D7ADC2D}.Release|x86.ActiveCfg = Release|Win32
		{3C268EE5-73DC-4094-A32C-C1E70D7ADC2D}.Release|x86.Build.0 = Release|Win32
		{8DC95C8D-0CEB-4134-A9EF-2DA887B35D07}.Debug|x64.ActiveCfg = Debug|x64
		{8DC95C8D-0CEB-4134-A9EF-2DA887B35D07}.Debug|x64.Build.0 = Debug|x64
		{8DC95C8D-0CEB-4134-A9EF-2DA887B35D07}.Debug|x86.ActiveCfg = Debug|Win32
		{8DC95C8D-0CEB-4134-A9EF-2DA887B35D07}.Debug|x86.Build.0 = Debug|Win32
		{8DC95C8D-0CEB-4134-A9EF-2DA887B35D07}.Release|x64.ActiveCfg = Release|x64
		{8DC95C8D-0CEB-4134-A9EF-2DA887B35D07}.Release|x64.Build.0 = Release|x64
		{8DC95C8D-0CEB-4134-A9EF-2DA887B35D07}.Release|x86.ActiveCfg = Release|Win32
		{8DC95C8D-0CEB-4134-A9EF-2DA887B35D07}.Release|x86.Build.0 = Release|Win32
	EndGlobalSection
	GlobalSection(SolutionProperties) = preSolution
		HideSolutionNode = FALSE
	EndGlobalSection
	GlobalSection(ExtensibilityGlobals) = postSolution
		SolutionGuid = {D5B7BD1F-BF53-4C71-8782-61E73464232E}
	EndGlobalSection
EndGlobal
