
Microsoft Visual Studio Solution File, Format Version 12.00
# Visual Studio Version 16
VisualStudioVersion = 16.0.28803.202
MinimumVisualStudioVersion = 10.0.40219.1
Project("{8BC9CEB8-8B4A-11D0-8D11-00A0C91BC942}") = "1_222_local_variable", "local_variable\local_variable.vcxproj", "{46897976-32D7-464F-AFEB-F34CEF13FAA5}"
EndProject
Project("{8BC9CEB8-8B4A-11D0-8D11-00A0C91BC942}") = "2_226_brace_local_variable", "2_226_brace_local_variable\2_226_brace_local_variable.vcxproj", "{AACE9B49-3E65-4293-AECF-821606E6EE86}"
EndProject
Project("{8BC9CEB8-8B4A-11D0-8D11-00A0C91BC942}") = "3_228_if_scope", "3_228_if_scope\3_228_if_scope.vcxproj", "{F167721F-D677-4219-A847-13B6F61552CB}"
EndProject
Project("{8BC9CEB8-8B4A-11D0-8D11-00A0C91BC942}") = "4_t_function_scope", "4_t_function_scope\4_t_function_scope.vcxproj", "{2A0AF741-263E-4493-8A7C-F5271439380D}"
EndProject
Project("{8BC9CEB8-8B4A-11D0-8D11-00A0C91BC942}") = "5_230_GlobalVariable", "5_230_GlobalVariable\5_230_GlobalVariable.vcxproj", "{9A427CA5-598C-4BD0-A8C2-10677542F69B}"
EndProject
Project("{8BC9CEB8-8B4A-11D0-8D11-00A0C91BC942}") = "6_231_HideGlobalVal", "6_231_HideGlobalVal\6_231_HideGlobalVal.vcxproj", "{0C543C7F-602D-41B2-882C-83D917CF459B}"
EndProject
Project("{8BC9CEB8-8B4A-11D0-8D11-00A0C91BC942}") = "7_234_StaticLocalVariable", "7_234_StaticLocalVariable\7_234_StaticLocalVariable.vcxproj", "{18E2EA83-C566-4553-980F-32F1FACAF1FB}"
EndProject
Project("{8BC9CEB8-8B4A-11D0-8D11-00A0C91BC942}") = "8_t_static_app", "8_t_static_app\8_t_static_app.vcxproj", "{F1694582-3415-491A-B095-3E8978AED1E5}"
EndProject
Project("{8BC9CEB8-8B4A-11D0-8D11-00A0C91BC942}") = "도전Q1", "도전Q1\도전Q1.vcxproj", "{4872F5D5-FACF-42C9-BF5D-108C2DEEB517}"
EndProject
Project("{8BC9CEB8-8B4A-11D0-8D11-00A0C91BC942}") = "도전Q2", "도전Q2\도전Q2.vcxproj", "{36C8B750-274C-4047-9C04-963482CAFEA4}"
EndProject
Project("{8BC9CEB8-8B4A-11D0-8D11-00A0C91BC942}") = "도전Q4", "도전Q3\도전Q3.vcxproj", "{E07BB516-9D6F-4EBB-A11E-9C0C5437273C}"
EndProject
Project("{8BC9CEB8-8B4A-11D0-8D11-00A0C91BC942}") = "도전Q5", "도전Q5\도전Q5.vcxproj", "{524C2E5A-7C98-40C5-9368-4EA6DC845D1F}"
EndProject
Project("{8BC9CEB8-8B4A-11D0-8D11-00A0C91BC942}") = "도전Q6", "도전Q6\도전Q6.vcxproj", "{CF5C5192-2DA0-4EE5-A07A-74F0ECCB4AFF}"
EndProject
Project("{8BC9CEB8-8B4A-11D0-8D11-00A0C91BC942}") = "도전Q7", "도전Q7\도전Q7.vcxproj", "{033C9DE8-534A-4F75-8AB9-164999B6BC35}"
EndProject
Global
	GlobalSection(SolutionConfigurationPlatforms) = preSolution
		Debug|x64 = Debug|x64
		Debug|x86 = Debug|x86
		Release|x64 = Release|x64
		Release|x86 = Release|x86
	EndGlobalSection
	GlobalSection(ProjectConfigurationPlatforms) = postSolution
		{46897976-32D7-464F-AFEB-F34CEF13FAA5}.Debug|x64.ActiveCfg = Debug|x64
		{46897976-32D7-464F-AFEB-F34CEF13FAA5}.Debug|x64.Build.0 = Debug|x64
		{46897976-32D7-464F-AFEB-F34CEF13FAA5}.Debug|x86.ActiveCfg = Debug|Win32
		{46897976-32D7-464F-AFEB-F34CEF13FAA5}.Debug|x86.Build.0 = Debug|Win32
		{46897976-32D7-464F-AFEB-F34CEF13FAA5}.Release|x64.ActiveCfg = Release|x64
		{46897976-32D7-464F-AFEB-F34CEF13FAA5}.Release|x64.Build.0 = Release|x64
		{46897976-32D7-464F-AFEB-F34CEF13FAA5}.Release|x86.ActiveCfg = Release|Win32
		{46897976-32D7-464F-AFEB-F34CEF13FAA5}.Release|x86.Build.0 = Release|Win32
		{AACE9B49-3E65-4293-AECF-821606E6EE86}.Debug|x64.ActiveCfg = Debug|x64
		{AACE9B49-3E65-4293-AECF-821606E6EE86}.Debug|x64.Build.0 = Debug|x64
		{AACE9B49-3E65-4293-AECF-821606E6EE86}.Debug|x86.ActiveCfg = Debug|Win32
		{AACE9B49-3E65-4293-AECF-821606E6EE86}.Debug|x86.Build.0 = Debug|Win32
		{AACE9B49-3E65-4293-AECF-821606E6EE86}.Release|x64.ActiveCfg = Release|x64
		{AACE9B49-3E65-4293-AECF-821606E6EE86}.Release|x64.Build.0 = Release|x64
		{AACE9B49-3E65-4293-AECF-821606E6EE86}.Release|x86.ActiveCfg = Release|Win32
		{AACE9B49-3E65-4293-AECF-821606E6EE86}.Release|x86.Build.0 = Release|Win32
		{F167721F-D677-4219-A847-13B6F61552CB}.Debug|x64.ActiveCfg = Debug|x64
		{F167721F-D677-4219-A847-13B6F61552CB}.Debug|x64.Build.0 = Debug|x64
		{F167721F-D677-4219-A847-13B6F61552CB}.Debug|x86.ActiveCfg = Debug|Win32
		{F167721F-D677-4219-A847-13B6F61552CB}.Debug|x86.Build.0 = Debug|Win32
		{F167721F-D677-4219-A847-13B6F61552CB}.Release|x64.ActiveCfg = Release|x64
		{F167721F-D677-4219-A847-13B6F61552CB}.Release|x64.Build.0 = Release|x64
		{F167721F-D677-4219-A847-13B6F61552CB}.Release|x86.ActiveCfg = Release|Win32
		{F167721F-D677-4219-A847-13B6F61552CB}.Release|x86.Build.0 = Release|Win32
		{2A0AF741-263E-4493-8A7C-F5271439380D}.Debug|x64.ActiveCfg = Debug|x64
		{2A0AF741-263E-4493-8A7C-F5271439380D}.Debug|x64.Build.0 = Debug|x64
		{2A0AF741-263E-4493-8A7C-F5271439380D}.Debug|x86.ActiveCfg = Debug|Win32
		{2A0AF741-263E-4493-8A7C-F5271439380D}.Debug|x86.Build.0 = Debug|Win32
		{2A0AF741-263E-4493-8A7C-F5271439380D}.Release|x64.ActiveCfg = Release|x64
		{2A0AF741-263E-4493-8A7C-F5271439380D}.Release|x64.Build.0 = Release|x64
		{2A0AF741-263E-4493-8A7C-F5271439380D}.Release|x86.ActiveCfg = Release|Win32
		{2A0AF741-263E-4493-8A7C-F5271439380D}.Release|x86.Build.0 = Release|Win32
		{9A427CA5-598C-4BD0-A8C2-10677542F69B}.Debug|x64.ActiveCfg = Debug|x64
		{9A427CA5-598C-4BD0-A8C2-10677542F69B}.Debug|x64.Build.0 = Debug|x64
		{9A427CA5-598C-4BD0-A8C2-10677542F69B}.Debug|x86.ActiveCfg = Debug|Win32
		{9A427CA5-598C-4BD0-A8C2-10677542F69B}.Debug|x86.Build.0 = Debug|Win32
		{9A427CA5-598C-4BD0-A8C2-10677542F69B}.Release|x64.ActiveCfg = Release|x64
		{9A427CA5-598C-4BD0-A8C2-10677542F69B}.Release|x64.Build.0 = Release|x64
		{9A427CA5-598C-4BD0-A8C2-10677542F69B}.Release|x86.ActiveCfg = Release|Win32
		{9A427CA5-598C-4BD0-A8C2-10677542F69B}.Release|x86.Build.0 = Release|Win32
		{0C543C7F-602D-41B2-882C-83D917CF459B}.Debug|x64.ActiveCfg = Debug|x64
		{0C543C7F-602D-41B2-882C-83D917CF459B}.Debug|x64.Build.0 = Debug|x64
		{0C543C7F-602D-41B2-882C-83D917CF459B}.Debug|x86.ActiveCfg = Debug|Win32
		{0C543C7F-602D-41B2-882C-83D917CF459B}.Debug|x86.Build.0 = Debug|Win32
		{0C543C7F-602D-41B2-882C-83D917CF459B}.Release|x64.ActiveCfg = Release|x64
		{0C543C7F-602D-41B2-882C-83D917CF459B}.Release|x64.Build.0 = Release|x64
		{0C543C7F-602D-41B2-882C-83D917CF459B}.Release|x86.ActiveCfg = Release|Win32
		{0C543C7F-602D-41B2-882C-83D917CF459B}.Release|x86.Build.0 = Release|Win32
		{18E2EA83-C566-4553-980F-32F1FACAF1FB}.Debug|x64.ActiveCfg = Debug|x64
		{18E2EA83-C566-4553-980F-32F1FACAF1FB}.Debug|x64.Build.0 = Debug|x64
		{18E2EA83-C566-4553-980F-32F1FACAF1FB}.Debug|x86.ActiveCfg = Debug|Win32
		{18E2EA83-C566-4553-980F-32F1FACAF1FB}.Debug|x86.Build.0 = Debug|Win32
		{18E2EA83-C566-4553-980F-32F1FACAF1FB}.Release|x64.ActiveCfg = Release|x64
		{18E2EA83-C566-4553-980F-32F1FACAF1FB}.Release|x64.Build.0 = Release|x64
		{18E2EA83-C566-4553-980F-32F1FACAF1FB}.Release|x86.ActiveCfg = Release|Win32
		{18E2EA83-C566-4553-980F-32F1FACAF1FB}.Release|x86.Build.0 = Release|Win32
		{F1694582-3415-491A-B095-3E8978AED1E5}.Debug|x64.ActiveCfg = Debug|x64
		{F1694582-3415-491A-B095-3E8978AED1E5}.Debug|x64.Build.0 = Debug|x64
		{F1694582-3415-491A-B095-3E8978AED1E5}.Debug|x86.ActiveCfg = Debug|Win32
		{F1694582-3415-491A-B095-3E8978AED1E5}.Debug|x86.Build.0 = Debug|Win32
		{F1694582-3415-491A-B095-3E8978AED1E5}.Release|x64.ActiveCfg = Release|x64
		{F1694582-3415-491A-B095-3E8978AED1E5}.Release|x64.Build.0 = Release|x64
		{F1694582-3415-491A-B095-3E8978AED1E5}.Release|x86.ActiveCfg = Release|Win32
		{F1694582-3415-491A-B095-3E8978AED1E5}.Release|x86.Build.0 = Release|Win32
		{4872F5D5-FACF-42C9-BF5D-108C2DEEB517}.Debug|x64.ActiveCfg = Debug|x64
		{4872F5D5-FACF-42C9-BF5D-108C2DEEB517}.Debug|x64.Build.0 = Debug|x64
		{4872F5D5-FACF-42C9-BF5D-108C2DEEB517}.Debug|x86.ActiveCfg = Debug|Win32
		{4872F5D5-FACF-42C9-BF5D-108C2DEEB517}.Debug|x86.Build.0 = Debug|Win32
		{4872F5D5-FACF-42C9-BF5D-108C2DEEB517}.Release|x64.ActiveCfg = Release|x64
		{4872F5D5-FACF-42C9-BF5D-108C2DEEB517}.Release|x64.Build.0 = Release|x64
		{4872F5D5-FACF-42C9-BF5D-108C2DEEB517}.Release|x86.ActiveCfg = Release|Win32
		{4872F5D5-FACF-42C9-BF5D-108C2DEEB517}.Release|x86.Build.0 = Release|Win32
		{36C8B750-274C-4047-9C04-963482CAFEA4}.Debug|x64.ActiveCfg = Debug|x64
		{36C8B750-274C-4047-9C04-963482CAFEA4}.Debug|x64.Build.0 = Debug|x64
		{36C8B750-274C-4047-9C04-963482CAFEA4}.Debug|x86.ActiveCfg = Debug|Win32
		{36C8B750-274C-4047-9C04-963482CAFEA4}.Debug|x86.Build.0 = Debug|Win32
		{36C8B750-274C-4047-9C04-963482CAFEA4}.Release|x64.ActiveCfg = Release|x64
		{36C8B750-274C-4047-9C04-963482CAFEA4}.Release|x64.Build.0 = Release|x64
		{36C8B750-274C-4047-9C04-963482CAFEA4}.Release|x86.ActiveCfg = Release|Win32
		{36C8B750-274C-4047-9C04-963482CAFEA4}.Release|x86.Build.0 = Release|Win32
		{E07BB516-9D6F-4EBB-A11E-9C0C5437273C}.Debug|x64.ActiveCfg = Debug|x64
		{E07BB516-9D6F-4EBB-A11E-9C0C5437273C}.Debug|x64.Build.0 = Debug|x64
		{E07BB516-9D6F-4EBB-A11E-9C0C5437273C}.Debug|x86.ActiveCfg = Debug|Win32
		{E07BB516-9D6F-4EBB-A11E-9C0C5437273C}.Debug|x86.Build.0 = Debug|Win32
		{E07BB516-9D6F-4EBB-A11E-9C0C5437273C}.Release|x64.ActiveCfg = Release|x64
		{E07BB516-9D6F-4EBB-A11E-9C0C5437273C}.Release|x64.Build.0 = Release|x64
		{E07BB516-9D6F-4EBB-A11E-9C0C5437273C}.Release|x86.ActiveCfg = Release|Win32
		{E07BB516-9D6F-4EBB-A11E-9C0C5437273C}.Release|x86.Build.0 = Release|Win32
		{524C2E5A-7C98-40C5-9368-4EA6DC845D1F}.Debug|x64.ActiveCfg = Debug|x64
		{524C2E5A-7C98-40C5-9368-4EA6DC845D1F}.Debug|x64.Build.0 = Debug|x64
		{524C2E5A-7C98-40C5-9368-4EA6DC845D1F}.Debug|x86.ActiveCfg = Debug|Win32
		{524C2E5A-7C98-40C5-9368-4EA6DC845D1F}.Debug|x86.Build.0 = Debug|Win32
		{524C2E5A-7C98-40C5-9368-4EA6DC845D1F}.Release|x64.ActiveCfg = Release|x64
		{524C2E5A-7C98-40C5-9368-4EA6DC845D1F}.Release|x64.Build.0 = Release|x64
		{524C2E5A-7C98-40C5-9368-4EA6DC845D1F}.Release|x86.ActiveCfg = Release|Win32
		{524C2E5A-7C98-40C5-9368-4EA6DC845D1F}.Release|x86.Build.0 = Release|Win32
		{CF5C5192-2DA0-4EE5-A07A-74F0ECCB4AFF}.Debug|x64.ActiveCfg = Debug|x64
		{CF5C5192-2DA0-4EE5-A07A-74F0ECCB4AFF}.Debug|x64.Build.0 = Debug|x64
		{CF5C5192-2DA0-4EE5-A07A-74F0ECCB4AFF}.Debug|x86.ActiveCfg = Debug|Win32
		{CF5C5192-2DA0-4EE5-A07A-74F0ECCB4AFF}.Debug|x86.Build.0 = Debug|Win32
		{CF5C5192-2DA0-4EE5-A07A-74F0ECCB4AFF}.Release|x64.ActiveCfg = Release|x64
		{CF5C5192-2DA0-4EE5-A07A-74F0ECCB4AFF}.Release|x64.Build.0 = Release|x64
		{CF5C5192-2DA0-4EE5-A07A-74F0ECCB4AFF}.Release|x86.ActiveCfg = Release|Win32
		{CF5C5192-2DA0-4EE5-A07A-74F0ECCB4AFF}.Release|x86.Build.0 = Release|Win32
		{033C9DE8-534A-4F75-8AB9-164999B6BC35}.Debug|x64.ActiveCfg = Debug|x64
		{033C9DE8-534A-4F75-8AB9-164999B6BC35}.Debug|x64.Build.0 = Debug|x64
		{033C9DE8-534A-4F75-8AB9-164999B6BC35}.Debug|x86.ActiveCfg = Debug|Win32
		{033C9DE8-534A-4F75-8AB9-164999B6BC35}.Debug|x86.Build.0 = Debug|Win32
		{033C9DE8-534A-4F75-8AB9-164999B6BC35}.Release|x64.ActiveCfg = Release|x64
		{033C9DE8-534A-4F75-8AB9-164999B6BC35}.Release|x64.Build.0 = Release|x64
		{033C9DE8-534A-4F75-8AB9-164999B6BC35}.Release|x86.ActiveCfg = Release|Win32
		{033C9DE8-534A-4F75-8AB9-164999B6BC35}.Release|x86.Build.0 = Release|Win32
	EndGlobalSection
	GlobalSection(SolutionProperties) = preSolution
		HideSolutionNode = FALSE
	EndGlobalSection
	GlobalSection(ExtensibilityGlobals) = postSolution
		SolutionGuid = {F55D5248-A47B-456B-B638-E10082C5C2EB}
	EndGlobalSection
EndGlobal
